
Microsoft Visual Studio Solution File, Format Version 12.00
# Visual Studio 15
VisualStudioVersion = 15.0.28010.2046
MinimumVisualStudioVersion = 10.0.40219.1
Project("{FAE04EC0-301F-11D3-BF4B-00C04F79EFBC}") = "Wallet", "Wallet\Wallet.csproj", "{5EE3A812-E834-4FFF-9EEA-4630A87C0EB5}"
EndProject
Global
	GlobalSection(SolutionConfigurationPlatforms) = preSolution
		Debug|Any CPU = Debug|Any CPU
		Release|Any CPU = Release|Any CPU
	EndGlobalSection
	GlobalSection(ProjectConfigurationPlatforms) = postSolution
		{5EE3A812-E834-4FFF-9EEA-4630A87C0EB5}.Debug|Any CPU.ActiveCfg = Debug|Any CPU
		{5EE3A812-E834-4FFF-9EEA-4630A87C0EB5}.Debug|Any CPU.Build.0 = Debug|Any CPU
		{5EE3A812-E834-4FFF-9EEA-4630A87C0EB5}.Release|Any CPU.ActiveCfg = Release|Any CPU
		{5EE3A812-E834-4FFF-9EEA-4630A87C0EB5}.Release|Any CPU.Build.0 = Release|Any CPU
	EndGlobalSection
	GlobalSection(SolutionProperties) = preSolution
		HideSolutionNode = FALSE
	EndGlobalSection
	GlobalSection(ExtensibilityGlobals) = postSolution
		SolutionGuid = {6499DB8F-7732-4D21-8C39-3759E613DCE9}
	EndGlobalSection
EndGlobal
